{
  "name": "assets",
  "lockfileVersion": 3,
  "requires": true,
  "packages": {
    "": {
      "dependencies": {
        "assets": "file:.."
      }
    },
    "..": {
      "version": "1.0.0",
      "license": "ISC",
      "devDependencies": {
        "esbuild": "^0.25.12",
        "tailwindcss": "^4.1.16"
      }
    },
    "node_modules/assets": {
      "resolved": "..",
      "link": true
    }
  }
}
